
Microsoft Visual Studio Solution File, Format Version 12.00
# Visual Studio Version 17
VisualStudioVersion = 17.5.002.0
MinimumVisualStudioVersion = 10.0.40219.1
Project("{9A19103F-16F7-4668-BE54-9A1E7A4F7556}") = "Course", "Course.csproj", "{12DCBB24-F77B-4A84-8C4D-8E659FA983C6}"
EndProject
Global
	GlobalSection(SolutionConfigurationPlatforms) = preSolution
		Debug|Any CPU = Debug|Any CPU
		Release|Any CPU = Release|Any CPU
	EndGlobalSection
	GlobalSection(ProjectConfigurationPlatforms) = postSolution
		{12DCBB24-F77B-4A84-8C4D-8E659FA983C6}.Debug|Any CPU.ActiveCfg = Debug|Any CPU
		{12DCBB24-F77B-4A84-8C4D-8E659FA983C6}.Debug|Any CPU.Build.0 = Debug|Any CPU
		{12DCBB24-F77B-4A84-8C4D-8E659FA983C6}.Release|Any CPU.ActiveCfg = Release|Any CPU
		{12DCBB24-F77B-4A84-8C4D-8E659FA983C6}.Release|Any CPU.Build.0 = Release|Any CPU
	EndGlobalSection
	GlobalSection(SolutionProperties) = preSolution
		HideSolutionNode = FALSE
	EndGlobalSection
	GlobalSection(ExtensibilityGlobals) = postSolution
		SolutionGuid = {888CB5D3-5A83-472C-8A33-E660F153114E}
	EndGlobalSection
EndGlobal
